// !$*UTF8*$!
{
	archiveVersion = 1;
	classes = {
	};
	objectVersion = 46;
	objects = {

/* Begin PBXBuildFile section */
		FCD0E3D219C0531900767B4A /* main.m in Sources */ = {isa = PBXBuildFile; fileRef = FCD0E3D119C0531900767B4A /* main.m */; };
		FCD0E3D519C0531900767B4A /* AppDelegate.m in Sources */ = {isa = PBXBuildFile; fileRef = FCD0E3D419C0531900767B4A /* AppDelegate.m */; };
		FCD0E3DB19C0531900767B4A /* Main.storyboard in Resources */ = {isa = PBXBuildFile; fileRef = FCD0E3D919C0531900767B4A /* Main.storyboard */; };
		FCD0E3DD19C0531900767B4A /* Images.xcassets in Resources */ = {isa = PBXBuildFile; fileRef = FCD0E3DC19C0531900767B4A /* Images.xcassets */; };
		FCD0E3E919C0531A00767B4A /* WaiterTests.m in Sources */ = {isa = PBXBuildFile; fileRef = FCD0E3E819C0531A00767B4A /* WaiterTests.m */; };
		FCD0E40B19C053E500767B4A /* AudioToolbox.framework in Frameworks */ = {isa = PBXBuildFile; fileRef = FCD0E40819C053B100767B4A /* AudioToolbox.framework */; };
		FCD0E40C19C053E500767B4A /* CFNetwork.framework in Frameworks */ = {isa = PBXBuildFile; fileRef = FCD0E40619C053AD00767B4A /* CFNetwork.framework */; };
		FCD0E40D19C053E500767B4A /* CoreGraphics.framework in Frameworks */ = {isa = PBXBuildFile; fileRef = FCD0E40419C053A600767B4A /* CoreGraphics.framework */; };
		FCD0E40E19C053E500767B4A /* CoreLocation.framework in Frameworks */ = {isa = PBXBuildFile; fileRef = FCD0E40219C053A100767B4A /* CoreLocation.framework */; };
		FCD0E40F19C053E500767B4A /* MobileCoreServices.framework in Frameworks */ = {isa = PBXBuildFile; fileRef = FCD0E40019C0539A00767B4A /* MobileCoreServices.framework */; };
		FCD0E41019C053E500767B4A /* QuartzCore.framework in Frameworks */ = {isa = PBXBuildFile; fileRef = FCD0E3FE19C0539200767B4A /* QuartzCore.framework */; };
		FCD0E41119C053E500767B4A /* Security.framework in Frameworks */ = {isa = PBXBuildFile; fileRef = FCD0E3FC19C0538B00767B4A /* Security.framework */; };
		FCD0E41219C053E500767B4A /* StoreKit.framework in Frameworks */ = {isa = PBXBuildFile; fileRef = FCD0E3FA19C0538700767B4A /* StoreKit.framework */; };
		FCD0E41319C053E500767B4A /* SystemConfiguration.framework in Frameworks */ = {isa = PBXBuildFile; fileRef = FCD0E3F819C0537F00767B4A /* SystemConfiguration.framework */; };
		FCD0E41419C053E500767B4A /* Bolts.framework in Frameworks */ = {isa = PBXBuildFile; fileRef = FCD0E3F219C0535200767B4A /* Bolts.framework */; };
		FCD0E41519C053E500767B4A /* Parse.framework in Frameworks */ = {isa = PBXBuildFile; fileRef = FCD0E3F319C0535200767B4A /* Parse.framework */; };
		FCD0E41619C053E500767B4A /* ParseFacebookUtils.framework in Frameworks */ = {isa = PBXBuildFile; fileRef = FCD0E3F419C0535200767B4A /* ParseFacebookUtils.framework */; };
		FCD0E41A19C0546D00767B4A /* LoginViewController.m in Sources */ = {isa = PBXBuildFile; fileRef = FCD0E41919C0546D00767B4A /* LoginViewController.m */; };
		FCD0E41F19C05AD500767B4A /* SettingsViewController.m in Sources */ = {isa = PBXBuildFile; fileRef = FCD0E41E19C05AD500767B4A /* SettingsViewController.m */; };
		FCD0E42319C05B9400767B4A /* WaiterViewController.m in Sources */ = {isa = PBXBuildFile; fileRef = FCD0E42219C05B9400767B4A /* WaiterViewController.m */; };
/* End PBXBuildFile section */

/* Begin PBXContainerItemProxy section */
		FCD0E3E319C0531A00767B4A /* PBXContainerItemProxy */ = {
			isa = PBXContainerItemProxy;
			containerPortal = FCD0E3C419C0531900767B4A /* Project object */;
			proxyType = 1;
			remoteGlobalIDString = FCD0E3CB19C0531900767B4A;
			remoteInfo = Waiter;
		};
/* End PBXContainerItemProxy section */

/* Begin PBXFileReference section */
		FCD0E3CC19C0531900767B4A /* Waiter.app */ = {isa = PBXFileReference; explicitFileType = wrapper.application; includeInIndex = 0; path = Waiter.app; sourceTree = BUILT_PRODUCTS_DIR; };
		FCD0E3D019C0531900767B4A /* Info.plist */ = {isa = PBXFileReference; lastKnownFileType = text.plist.xml; path = Info.plist; sourceTree = "<group>"; };
		FCD0E3D119C0531900767B4A /* main.m */ = {isa = PBXFileReference; lastKnownFileType = sourcecode.c.objc; path = main.m; sourceTree = "<group>"; };
		FCD0E3D319C0531900767B4A /* AppDelegate.h */ = {isa = PBXFileReference; lastKnownFileType = sourcecode.c.h; path = AppDelegate.h; sourceTree = "<group>"; };
		FCD0E3D419C0531900767B4A /* AppDelegate.m */ = {isa = PBXFileReference; lastKnownFileType = sourcecode.c.objc; path = AppDelegate.m; sourceTree = "<group>"; };
		FCD0E3DA19C0531900767B4A /* Base */ = {isa = PBXFileReference; lastKnownFileType = file.storyboard; name = Base; path = Base.lproj/Main.storyboard; sourceTree = "<group>"; };
		FCD0E3DC19C0531900767B4A /* Images.xcassets */ = {isa = PBXFileReference; lastKnownFileType = folder.assetcatalog; path = Images.xcassets; sourceTree = "<group>"; };
		FCD0E3E219C0531A00767B4A /* WaiterTests.xctest */ = {isa = PBXFileReference; explicitFileType = wrapper.cfbundle; includeInIndex = 0; path = WaiterTests.xctest; sourceTree = BUILT_PRODUCTS_DIR; };
		FCD0E3E719C0531A00767B4A /* Info.plist */ = {isa = PBXFileReference; lastKnownFileType = text.plist.xml; path = Info.plist; sourceTree = "<group>"; };
		FCD0E3E819C0531A00767B4A /* WaiterTests.m */ = {isa = PBXFileReference; lastKnownFileType = sourcecode.c.objc; path = WaiterTests.m; sourceTree = "<group>"; };
		FCD0E3F219C0535200767B4A /* Bolts.framework */ = {isa = PBXFileReference; lastKnownFileType = wrapper.framework; name = Bolts.framework; path = "../../Frameworks/parse-library-1/Bolts.framework"; sourceTree = "<group>"; };
		FCD0E3F319C0535200767B4A /* Parse.framework */ = {isa = PBXFileReference; lastKnownFileType = wrapper.framework; name = Parse.framework; path = "../../Frameworks/parse-library-1/Parse.framework"; sourceTree = "<group>"; };
		FCD0E3F419C0535200767B4A /* ParseFacebookUtils.framework */ = {isa = PBXFileReference; lastKnownFileType = wrapper.framework; name = ParseFacebookUtils.framework; path = "../../Frameworks/parse-library-1/ParseFacebookUtils.framework"; sourceTree = "<group>"; };
		FCD0E3F819C0537F00767B4A /* SystemConfiguration.framework */ = {isa = PBXFileReference; lastKnownFileType = wrapper.framework; name = SystemConfiguration.framework; path = System/Library/Frameworks/SystemConfiguration.framework; sourceTree = SDKROOT; };
		FCD0E3FA19C0538700767B4A /* StoreKit.framework */ = {isa = PBXFileReference; lastKnownFileType = wrapper.framework; name = StoreKit.framework; path = System/Library/Frameworks/StoreKit.framework; sourceTree = SDKROOT; };
		FCD0E3FC19C0538B00767B4A /* Security.framework */ = {isa = PBXFileReference; lastKnownFileType = wrapper.framework; name = Security.framework; path = System/Library/Frameworks/Security.framework; sourceTree = SDKROOT; };
		FCD0E3FE19C0539200767B4A /* QuartzCore.framework */ = {isa = PBXFileReference; lastKnownFileType = wrapper.framework; name = QuartzCore.framework; path = System/Library/Frameworks/QuartzCore.framework; sourceTree = SDKROOT; };
		FCD0E40019C0539A00767B4A /* MobileCoreServices.framework */ = {isa = PBXFileReference; lastKnownFileType = wrapper.framework; name = MobileCoreServices.framework; path = System/Library/Frameworks/MobileCoreServices.framework; sourceTree = SDKROOT; };
		FCD0E40219C053A100767B4A /* CoreLocation.framework */ = {isa = PBXFileReference; lastKnownFileType = wrapper.framework; name = CoreLocation.framework; path = System/Library/Frameworks/CoreLocation.framework; sourceTree = SDKROOT; };
		FCD0E40419C053A600767B4A /* CoreGraphics.framework */ = {isa = PBXFileReference; lastKnownFileType = wrapper.framework; name = CoreGraphics.framework; path = System/Library/Frameworks/CoreGraphics.framework; sourceTree = SDKROOT; };
		FCD0E40619C053AD00767B4A /* CFNetwork.framework */ = {isa = PBXFileReference; lastKnownFileType = wrapper.framework; name = CFNetwork.framework; path = System/Library/Frameworks/CFNetwork.framework; sourceTree = SDKROOT; };
		FCD0E40819C053B100767B4A /* AudioToolbox.framework */ = {isa = PBXFileReference; lastKnownFileType = wrapper.framework; name = AudioToolbox.framework; path = System/Library/Frameworks/AudioToolbox.framework; sourceTree = SDKROOT; };
		FCD0E41819C0546D00767B4A /* LoginViewController.h */ = {isa = PBXFileReference; fileEncoding = 4; lastKnownFileType = sourcecode.c.h; path = LoginViewController.h; sourceTree = "<group>"; };
		FCD0E41919C0546D00767B4A /* LoginViewController.m */ = {isa = PBXFileReference; fileEncoding = 4; lastKnownFileType = sourcecode.c.objc; path = LoginViewController.m; sourceTree = "<group>"; };
		FCD0E41D19C05AD500767B4A /* SettingsViewController.h */ = {isa = PBXFileReference; fileEncoding = 4; lastKnownFileType = sourcecode.c.h; path = SettingsViewController.h; sourceTree = "<group>"; };
		FCD0E41E19C05AD500767B4A /* SettingsViewController.m */ = {isa = PBXFileReference; fileEncoding = 4; lastKnownFileType = sourcecode.c.objc; path = SettingsViewController.m; sourceTree = "<group>"; };
		FCD0E42119C05B9400767B4A /* WaiterViewController.h */ = {isa = PBXFileReference; fileEncoding = 4; lastKnownFileType = sourcecode.c.h; path = WaiterViewController.h; sourceTree = "<group>"; };
		FCD0E42219C05B9400767B4A /* WaiterViewController.m */ = {isa = PBXFileReference; fileEncoding = 4; lastKnownFileType = sourcecode.c.objc; path = WaiterViewController.m; sourceTree = "<group>"; };
/* End PBXFileReference section */

/* Begin PBXFrameworksBuildPhase section */
		FCD0E3C919C0531900767B4A /* Frameworks */ = {
			isa = PBXFrameworksBuildPhase;
			buildActionMask = 2147483647;
			files = (
				FCD0E40B19C053E500767B4A /* AudioToolbox.framework in Frameworks */,
				FCD0E40C19C053E500767B4A /* CFNetwork.framework in Frameworks */,
				FCD0E40D19C053E500767B4A /* CoreGraphics.framework in Frameworks */,
				FCD0E40E19C053E500767B4A /* CoreLocation.framework in Frameworks */,
				FCD0E40F19C053E500767B4A /* MobileCoreServices.framework in Frameworks */,
				FCD0E41019C053E500767B4A /* QuartzCore.framework in Frameworks */,
				FCD0E41119C053E500767B4A /* Security.framework in Frameworks */,
				FCD0E41219C053E500767B4A /* StoreKit.framework in Frameworks */,
				FCD0E41319C053E500767B4A /* SystemConfiguration.framework in Frameworks */,
				FCD0E41419C053E500767B4A /* Bolts.framework in Frameworks */,
				FCD0E41519C053E500767B4A /* Parse.framework in Frameworks */,
				FCD0E41619C053E500767B4A /* ParseFacebookUtils.framework in Frameworks */,
			);
			runOnlyForDeploymentPostprocessing = 0;
		};
		FCD0E3DF19C0531A00767B4A /* Frameworks */ = {
			isa = PBXFrameworksBuildPhase;
			buildActionMask = 2147483647;
			files = (
			);
			runOnlyForDeploymentPostprocessing = 0;
		};
/* End PBXFrameworksBuildPhase section */

/* Begin PBXGroup section */
		FCD0E3C319C0531900767B4A = {
			isa = PBXGroup;
			children = (
				FCD0E3CE19C0531900767B4A /* Waiter */,
				FCD0E3E519C0531A00767B4A /* WaiterTests */,
				FCD0E40A19C053B600767B4A /* Frameworks */,
				FCD0E3CD19C0531900767B4A /* Products */,
			);
			sourceTree = "<group>";
		};
		FCD0E3CD19C0531900767B4A /* Products */ = {
			isa = PBXGroup;
			children = (
				FCD0E3CC19C0531900767B4A /* Waiter.app */,
				FCD0E3E219C0531A00767B4A /* WaiterTests.xctest */,
			);
			name = Products;
			sourceTree = "<group>";
		};
		FCD0E3CE19C0531900767B4A /* Waiter */ = {
			isa = PBXGroup;
			children = (
				FCD0E41C19C0547800767B4A /* Controller */,
				FCD0E41719C0542200767B4A /* View */,
				FCD0E3DC19C0531900767B4A /* Images.xcassets */,
				FCD0E3CF19C0531900767B4A /* Supporting Files */,
			);
			path = Waiter;
			sourceTree = "<group>";
		};
		FCD0E3CF19C0531900767B4A /* Supporting Files */ = {
			isa = PBXGroup;
			children = (
				FCD0E3D319C0531900767B4A /* AppDelegate.h */,
				FCD0E3D419C0531900767B4A /* AppDelegate.m */,
				FCD0E3D019C0531900767B4A /* Info.plist */,
				FCD0E3D119C0531900767B4A /* main.m */,
			);
			name = "Supporting Files";
			sourceTree = "<group>";
		};
		FCD0E3E519C0531A00767B4A /* WaiterTests */ = {
			isa = PBXGroup;
			children = (
				FCD0E3E819C0531A00767B4A /* WaiterTests.m */,
				FCD0E3E619C0531A00767B4A /* Supporting Files */,
			);
			path = WaiterTests;
			sourceTree = "<group>";
		};
		FCD0E3E619C0531A00767B4A /* Supporting Files */ = {
			isa = PBXGroup;
			children = (
				FCD0E3E719C0531A00767B4A /* Info.plist */,
			);
			name = "Supporting Files";
			sourceTree = "<group>";
		};
		FCD0E40A19C053B600767B4A /* Frameworks */ = {
			isa = PBXGroup;
			children = (
				FCD0E40819C053B100767B4A /* AudioToolbox.framework */,
				FCD0E40619C053AD00767B4A /* CFNetwork.framework */,
				FCD0E40419C053A600767B4A /* CoreGraphics.framework */,
				FCD0E40219C053A100767B4A /* CoreLocation.framework */,
				FCD0E40019C0539A00767B4A /* MobileCoreServices.framework */,
				FCD0E3FE19C0539200767B4A /* QuartzCore.framework */,
				FCD0E3FC19C0538B00767B4A /* Security.framework */,
				FCD0E3FA19C0538700767B4A /* StoreKit.framework */,
				FCD0E3F819C0537F00767B4A /* SystemConfiguration.framework */,
				FCD0E3F219C0535200767B4A /* Bolts.framework */,
				FCD0E3F319C0535200767B4A /* Parse.framework */,
				FCD0E3F419C0535200767B4A /* ParseFacebookUtils.framework */,
			);
			name = Frameworks;
			sourceTree = "<group>";
		};
		FCD0E41719C0542200767B4A /* View */ = {
			isa = PBXGroup;
			children = (
				FCD0E3D919C0531900767B4A /* Main.storyboard */,
			);
			name = View;
			sourceTree = "<group>";
		};
		FCD0E41B19C0547200767B4A /* Authentication */ = {
			isa = PBXGroup;
			children = (
				FCD0E41819C0546D00767B4A /* LoginViewController.h */,
				FCD0E41919C0546D00767B4A /* LoginViewController.m */,
			);
			name = Authentication;
			sourceTree = "<group>";
		};
		FCD0E41C19C0547800767B4A /* Controller */ = {
			isa = PBXGroup;
			children = (
				FCD0E41B19C0547200767B4A /* Authentication */,
				FCD0E42019C05AD900767B4A /* Settings */,
			);
			name = Controller;
			sourceTree = "<group>";
		};
		FCD0E42019C05AD900767B4A /* Settings */ = {
			isa = PBXGroup;
			children = (
				FCD0E41D19C05AD500767B4A /* SettingsViewController.h */,
				FCD0E41E19C05AD500767B4A /* SettingsViewController.m */,
				FCD0E42119C05B9400767B4A /* WaiterViewController.h */,
				FCD0E42219C05B9400767B4A /* WaiterViewController.m */,
			);
			name = Settings;
			sourceTree = "<group>";
		};
/* End PBXGroup section */

/* Begin PBXNativeTarget section */
		FCD0E3CB19C0531900767B4A /* Waiter */ = {
			isa = PBXNativeTarget;
			buildConfigurationList = FCD0E3EC19C0531A00767B4A /* Build configuration list for PBXNativeTarget "Waiter" */;
			buildPhases = (
				FCD0E3C819C0531900767B4A /* Sources */,
				FCD0E3C919C0531900767B4A /* Frameworks */,
				FCD0E3CA19C0531900767B4A /* Resources */,
			);
			buildRules = (
			);
			dependencies = (
			);
			name = Waiter;
			productName = Waiter;
			productReference = FCD0E3CC19C0531900767B4A /* Waiter.app */;
			productType = "com.apple.product-type.application";
		};
		FCD0E3E119C0531A00767B4A /* WaiterTests */ = {
			isa = PBXNativeTarget;
			buildConfigurationList = FCD0E3EF19C0531A00767B4A /* Build configuration list for PBXNativeTarget "WaiterTests" */;
			buildPhases = (
				FCD0E3DE19C0531A00767B4A /* Sources */,
				FCD0E3DF19C0531A00767B4A /* Frameworks */,
				FCD0E3E019C0531A00767B4A /* Resources */,
			);
			buildRules = (
			);
			dependencies = (
				FCD0E3E419C0531A00767B4A /* PBXTargetDependency */,
			);
			name = WaiterTests;
			productName = WaiterTests;
			productReference = FCD0E3E219C0531A00767B4A /* WaiterTests.xctest */;
			productType = "com.apple.product-type.bundle.unit-test";
		};
/* End PBXNativeTarget section */

/* Begin PBXProject section */
		FCD0E3C419C0531900767B4A /* Project object */ = {
			isa = PBXProject;
			attributes = {
				LastUpgradeCheck = 0600;
				ORGANIZATIONNAME = "Dylan Lewis";
				TargetAttributes = {
					FCD0E3CB19C0531900767B4A = {
						CreatedOnToolsVersion = 6.0;
					};
					FCD0E3E119C0531A00767B4A = {
						CreatedOnToolsVersion = 6.0;
						TestTargetID = FCD0E3CB19C0531900767B4A;
					};
				};
			};
			buildConfigurationList = FCD0E3C719C0531900767B4A /* Build configuration list for PBXProject "Waiter" */;
			compatibilityVersion = "Xcode 3.2";
			developmentRegion = English;
			hasScannedForEncodings = 0;
			knownRegions = (
				en,
				Base,
			);
			mainGroup = FCD0E3C319C0531900767B4A;
			productRefGroup = FCD0E3CD19C0531900767B4A /* Products */;
			projectDirPath = "";
			projectRoot = "";
			targets = (
				FCD0E3CB19C0531900767B4A /* Waiter */,
				FCD0E3E119C0531A00767B4A /* WaiterTests */,
			);
		};
/* End PBXProject section */

/* Begin PBXResourcesBuildPhase section */
		FCD0E3CA19C0531900767B4A /* Resources */ = {
			isa = PBXResourcesBuildPhase;
			buildActionMask = 2147483647;
			files = (
				FCD0E3DB19C0531900767B4A /* Main.storyboard in Resources */,
				FCD0E3DD19C0531900767B4A /* Images.xcassets in Resources */,
			);
			runOnlyForDeploymentPostprocessing = 0;
		};
		FCD0E3E019C0531A00767B4A /* Resources */ = {
			isa = PBXResourcesBuildPhase;
			buildActionMask = 2147483647;
			files = (
			);
			runOnlyForDeploymentPostprocessing = 0;
		};
/* End PBXResourcesBuildPhase section */

/* Begin PBXSourcesBuildPhase section */
		FCD0E3C819C0531900767B4A /* Sources */ = {
			isa = PBXSourcesBuildPhase;
			buildActionMask = 2147483647;
			files = (
				FCD0E3D519C0531900767B4A /* AppDelegate.m in Sources */,
				FCD0E42319C05B9400767B4A /* WaiterViewController.m in Sources */,
				FCD0E3D219C0531900767B4A /* main.m in Sources */,
				FCD0E41A19C0546D00767B4A /* LoginViewController.m in Sources */,
				FCD0E41F19C05AD500767B4A /* SettingsViewController.m in Sources */,
			);
			runOnlyForDeploymentPostprocessing = 0;
		};
		FCD0E3DE19C0531A00767B4A /* Sources */ = {
			isa = PBXSourcesBuildPhase;
			buildActionMask = 2147483647;
			files = (
				FCD0E3E919C0531A00767B4A /* WaiterTests.m in Sources */,
			);
			runOnlyForDeploymentPostprocessing = 0;
		};
/* End PBXSourcesBuildPhase section */

/* Begin PBXTargetDependency section */
		FCD0E3E419C0531A00767B4A /* PBXTargetDependency */ = {
			isa = PBXTargetDependency;
			target = FCD0E3CB19C0531900767B4A /* Waiter */;
			targetProxy = FCD0E3E319C0531A00767B4A /* PBXContainerItemProxy */;
		};
/* End PBXTargetDependency section */

/* Begin PBXVariantGroup section */
		FCD0E3D919C0531900767B4A /* Main.storyboard */ = {
			isa = PBXVariantGroup;
			children = (
				FCD0E3DA19C0531900767B4A /* Base */,
			);
			name = Main.storyboard;
			sourceTree = "<group>";
		};
/* End PBXVariantGroup section */

/* Begin XCBuildConfiguration section */
		FCD0E3EA19C0531A00767B4A /* Debug */ = {
			isa = XCBuildConfiguration;
			buildSettings = {
				ALWAYS_SEARCH_USER_PATHS = NO;
				CLANG_CXX_LANGUAGE_STANDARD = "gnu++0x";
				CLANG_CXX_LIBRARY = "libc++";
				CLANG_ENABLE_MODULES = YES;
				CLANG_ENABLE_OBJC_ARC = YES;
				CLANG_WARN_BOOL_CONVERSION = YES;
				CLANG_WARN_CONSTANT_CONVERSION = YES;
				CLANG_WARN_DIRECT_OBJC_ISA_USAGE = YES_ERROR;
				CLANG_WARN_EMPTY_BODY = YES;
				CLANG_WARN_ENUM_CONVERSION = YES;
				CLANG_WARN_INT_CONVERSION = YES;
				CLANG_WARN_OBJC_ROOT_CLASS = YES_ERROR;
				CLANG_WARN_UNREACHABLE_CODE = YES;
				CLANG_WARN__DUPLICATE_METHOD_MATCH = YES;
				"CODE_SIGN_IDENTITY[sdk=iphoneos*]" = "iPhone Developer";
				COPY_PHASE_STRIP = NO;
				ENABLE_STRICT_OBJC_MSGSEND = YES;
				GCC_C_LANGUAGE_STANDARD = gnu99;
				GCC_DYNAMIC_NO_PIC = NO;
				GCC_OPTIMIZATION_LEVEL = 0;
				GCC_PREPROCESSOR_DEFINITIONS = (
					"DEBUG=1",
					"$(inherited)",
				);
				GCC_SYMBOLS_PRIVATE_EXTERN = NO;
				GCC_WARN_64_TO_32_BIT_CONVERSION = YES;
				GCC_WARN_ABOUT_RETURN_TYPE = YES_ERROR;
				GCC_WARN_UNDECLARED_SELECTOR = YES;
				GCC_WARN_UNINITIALIZED_AUTOS = YES_AGGRESSIVE;
				GCC_WARN_UNUSED_FUNCTION = YES;
				GCC_WARN_UNUSED_VARIABLE = YES;
				IPHONEOS_DEPLOYMENT_TARGET = 8.0;
				MTL_ENABLE_DEBUG_INFO = YES;
				ONLY_ACTIVE_ARCH = YES;
				SDKROOT = iphoneos;
			};
			name = Debug;
		};
		FCD0E3EB19C0531A00767B4A /* Release */ = {
			isa = XCBuildConfiguration;
			buildSettings = {
				ALWAYS_SEARCH_USER_PATHS = NO;
				CLANG_CXX_LANGUAGE_STANDARD = "gnu++0x";
				CLANG_CXX_LIBRARY = "libc++";
				CLANG_ENABLE_MODULES = YES;
				CLANG_ENABLE_OBJC_ARC = YES;
				CLANG_WARN_BOOL_CONVERSION = YES;
				CLANG_WARN_CONSTANT_CONVERSION = YES;
				CLANG_WARN_DIRECT_OBJC_ISA_USAGE = YES_ERROR;
				CLANG_WARN_EMPTY_BODY = YES;
				CLANG_WARN_ENUM_CONVERSION = YES;
				CLANG_WARN_INT_CONVERSION = YES;
				CLANG_WARN_OBJC_ROOT_CLASS = YES_ERROR;
				CLANG_WARN_UNREACHABLE_CODE = YES;
				CLANG_WARN__DUPLICATE_METHOD_MATCH = YES;
				"CODE_SIGN_IDENTITY[sdk=iphoneos*]" = "iPhone Developer";
				COPY_PHASE_STRIP = YES;
				ENABLE_NS_ASSERTIONS = NO;
				ENABLE_STRICT_OBJC_MSGSEND = YES;
				GCC_C_LANGUAGE_STANDARD = gnu99;
				GCC_WARN_64_TO_32_BIT_CONVERSION = YES;
				GCC_WARN_ABOUT_RETURN_TYPE = YES_ERROR;
				GCC_WARN_UNDECLARED_SELECTOR = YES;
				GCC_WARN_UNINITIALIZED_AUTOS = YES_AGGRESSIVE;
				GCC_WARN_UNUSED_FUNCTION = YES;
				GCC_WARN_UNUSED_VARIABLE = YES;
				IPHONEOS_DEPLOYMENT_TARGET = 8.0;
				MTL_ENABLE_DEBUG_INFO = NO;
				SDKROOT = iphoneos;
				VALIDATE_PRODUCT = YES;
			};
			name = Release;
		};
		FCD0E3ED19C0531A00767B4A /* Debug */ = {
			isa = XCBuildConfiguration;
			buildSettings = {
				ASSETCATALOG_COMPILER_APPICON_NAME = AppIcon;
				ASSETCATALOG_COMPILER_LAUNCHIMAGE_NAME = LaunchImage;
				FRAMEWORK_SEARCH_PATHS = (
					"$(inherited)",
					"/Users/dylan/Dropbox/Developer/Frameworks/parse-library-1",
				);
				INFOPLIST_FILE = Waiter/Info.plist;
				LD_RUNPATH_SEARCH_PATHS = "$(inherited) @executable_path/Frameworks";
				PRODUCT_NAME = "$(TARGET_NAME)";
			};
			name = Debug;
		};
		FCD0E3EE19C0531A00767B4A /* Release */ = {
			isa = XCBuildConfiguration;
			buildSettings = {
				ASSETCATALOG_COMPILER_APPICON_NAME = AppIcon;
				ASSETCATALOG_COMPILER_LAUNCHIMAGE_NAME = LaunchImage;
				FRAMEWORK_SEARCH_PATHS = (
					"$(inherited)",
					"/Users/dylan/Dropbox/Developer/Frameworks/parse-library-1",
				);
				INFOPLIST_FILE = Waiter/Info.plist;
				LD_RUNPATH_SEARCH_PATHS = "$(inherited) @executable_path/Frameworks";
				PRODUCT_NAME = "$(TARGET_NAME)";
			};
			name = Release;
		};
		FCD0E3F019C0531A00767B4A /* Debug */ = {
			isa = XCBuildConfiguration;
			buildSettings = {
				BUNDLE_LOADER = "$(TEST_HOST)";
				FRAMEWORK_SEARCH_PATHS = (
					"$(SDKROOT)/Developer/Library/Frameworks",
					"$(inherited)",
				);
				GCC_PREPROCESSOR_DEFINITIONS = (
					"DEBUG=1",
					"$(inherited)",
				);
				INFOPLIST_FILE = WaiterTests/Info.plist;
				LD_RUNPATH_SEARCH_PATHS = "$(inherited) @executable_path/Frameworks @loader_path/Frameworks";
				PRODUCT_NAME = "$(TARGET_NAME)";
				TEST_HOST = "$(BUILT_PRODUCTS_DIR)/Waiter.app/Waiter";
			};
			name = Debug;
		};
		FCD0E3F119C0531A00767B4A /* Release */ = {
			isa = XCBuildConfiguration;
			buildSettings = {
				BUNDLE_LOADER = "$(TEST_HOST)";
				FRAMEWORK_SEARCH_PATHS = (
					"$(SDKROOT)/Developer/Library/Frameworks",
					"$(inherited)",
				);
				INFOPLIST_FILE = WaiterTests/Info.plist;
				LD_RUNPATH_SEARCH_PATHS = "$(inherited) @executable_path/Frameworks @loader_path/Frameworks";
				PRODUCT_NAME = "$(TARGET_NAME)";
				TEST_HOST = "$(BUILT_PRODUCTS_DIR)/Waiter.app/Waiter";
			};
			name = Release;
		};
/* End XCBuildConfiguration section */

/* Begin XCConfigurationList section */
		FCD0E3C719C0531900767B4A /* Build configuration list for PBXProject "Waiter" */ = {
			isa = XCConfigurationList;
			buildConfigurations = (
				FCD0E3EA19C0531A00767B4A /* Debug */,
				FCD0E3EB19C0531A00767B4A /* Release */,
			);
			defaultConfigurationIsVisible = 0;
			defaultConfigurationName = Release;
		};
		FCD0E3EC19C0531A00767B4A /* Build configuration list for PBXNativeTarget "Waiter" */ = {
			isa = XCConfigurationList;
			buildConfigurations = (
				FCD0E3ED19C0531A00767B4A /* Debug */,
				FCD0E3EE19C0531A00767B4A /* Release */,
			);
			defaultConfigurationIsVisible = 0;
		};
		FCD0E3EF19C0531A00767B4A /* Build configuration list for PBXNativeTarget "WaiterTests" */ = {
			isa = XCConfigurationList;
			buildConfigurations = (
				FCD0E3F019C0531A00767B4A /* Debug */,
				FCD0E3F119C0531A00767B4A /* Release */,
			);
			defaultConfigurationIsVisible = 0;
		};
/* End XCConfigurationList section */
	};
	rootObject = FCD0E3C419C0531900767B4A /* Project object */;
}
