// !$*UTF8*$!
{
	archiveVersion = 1;
	classes = {
	};
	objectVersion = 46;
	objects = {

/* Begin PBXBuildFile section */
		FC35006E19F57DD400A71D8B /* Bolts.framework in Frameworks */ = {isa = PBXBuildFile; fileRef = FC35006B19F57DD300A71D8B /* Bolts.framework */; };
		FC35006F19F57DD400A71D8B /* Parse.framework in Frameworks */ = {isa = PBXBuildFile; fileRef = FC35006C19F57DD300A71D8B /* Parse.framework */; };
		FC35007019F57DD400A71D8B /* ParseFacebookUtils.framework in Frameworks */ = {isa = PBXBuildFile; fileRef = FC35006D19F57DD400A71D8B /* ParseFacebookUtils.framework */; };
		FC5CA96B19CC4AD8000B9182 /* MenuCoursesViewController.m in Sources */ = {isa = PBXBuildFile; fileRef = FC5CA96A19CC4AD8000B9182 /* MenuCoursesViewController.m */; };
		FC665FD11A161F47005162F9 /* Bolts.framework in Frameworks */ = {isa = PBXBuildFile; fileRef = FC35006B19F57DD300A71D8B /* Bolts.framework */; };
		FC665FD21A161F47005162F9 /* Parse.framework in Frameworks */ = {isa = PBXBuildFile; fileRef = FC35006C19F57DD300A71D8B /* Parse.framework */; };
		FC665FD31A161F47005162F9 /* ParseFacebookUtils.framework in Frameworks */ = {isa = PBXBuildFile; fileRef = FC35006D19F57DD400A71D8B /* ParseFacebookUtils.framework */; };
		FC665FD41A161F58005162F9 /* SystemConfiguration.framework in Frameworks */ = {isa = PBXBuildFile; fileRef = FCD0E3F819C0537F00767B4A /* SystemConfiguration.framework */; };
		FC665FD51A161F5F005162F9 /* StoreKit.framework in Frameworks */ = {isa = PBXBuildFile; fileRef = FCD0E3FA19C0538700767B4A /* StoreKit.framework */; };
		FC665FD61A161F65005162F9 /* Security.framework in Frameworks */ = {isa = PBXBuildFile; fileRef = FCD0E3FC19C0538B00767B4A /* Security.framework */; };
		FC665FD71A161F6D005162F9 /* QuartzCore.framework in Frameworks */ = {isa = PBXBuildFile; fileRef = FCD0E3FE19C0539200767B4A /* QuartzCore.framework */; };
		FC665FD81A161F74005162F9 /* MobileCoreServices.framework in Frameworks */ = {isa = PBXBuildFile; fileRef = FCD0E40019C0539A00767B4A /* MobileCoreServices.framework */; };
		FC665FD91A161F7C005162F9 /* CoreLocation.framework in Frameworks */ = {isa = PBXBuildFile; fileRef = FCD0E40219C053A100767B4A /* CoreLocation.framework */; };
		FC665FDA1A161F81005162F9 /* CoreGraphics.framework in Frameworks */ = {isa = PBXBuildFile; fileRef = FCD0E40419C053A600767B4A /* CoreGraphics.framework */; };
		FC665FDB1A161F89005162F9 /* CFNetwork.framework in Frameworks */ = {isa = PBXBuildFile; fileRef = FCD0E40619C053AD00767B4A /* CFNetwork.framework */; };
		FC665FDC1A161F90005162F9 /* AudioToolbox.framework in Frameworks */ = {isa = PBXBuildFile; fileRef = FCD0E40819C053B100767B4A /* AudioToolbox.framework */; };
		FC88DC0B19D57C41003363C6 /* DishOptionsTableViewCell.m in Sources */ = {isa = PBXBuildFile; fileRef = FC88DC0A19D57C41003363C6 /* DishOptionsTableViewCell.m */; };
		FC88DC0E19D57C5F003363C6 /* DishOptionsViewController.m in Sources */ = {isa = PBXBuildFile; fileRef = FC88DC0D19D57C5F003363C6 /* DishOptionsViewController.m */; };
		FC88DC1319D706CD003363C6 /* MenuDishesOptionsTableViewCell.m in Sources */ = {isa = PBXBuildFile; fileRef = FC88DC1219D706CD003363C6 /* MenuDishesOptionsTableViewCell.m */; };
		FC91485B19CF43ED008E1343 /* ReservationsViewController.m in Sources */ = {isa = PBXBuildFile; fileRef = FC91485A19CF43ED008E1343 /* ReservationsViewController.m */; };
		FC91486819D05431008E1343 /* MenuDishesViewController.m in Sources */ = {isa = PBXBuildFile; fileRef = FC91486719D05431008E1343 /* MenuDishesViewController.m */; };
		FC91486B19D056D3008E1343 /* MenuDishesTableViewCell.m in Sources */ = {isa = PBXBuildFile; fileRef = FC91486A19D056D3008E1343 /* MenuDishesTableViewCell.m */; };
		FCAE169919E2BDE4002C698F /* CourseTableViewCell.m in Sources */ = {isa = PBXBuildFile; fileRef = FCAE169819E2BDE4002C698F /* CourseTableViewCell.m */; };
		FCBFF45C19C06C4300716463 /* OrdersViewController.m in Sources */ = {isa = PBXBuildFile; fileRef = FCBFF45B19C06C4300716463 /* OrdersViewController.m */; };
		FCBFF46319C08D7200716463 /* OrderItemTableViewCell.m in Sources */ = {isa = PBXBuildFile; fileRef = FCBFF46219C08D7200716463 /* OrderItemTableViewCell.m */; };
		FCBFF46919C08D9900716463 /* ViewOrderViewController.m in Sources */ = {isa = PBXBuildFile; fileRef = FCBFF46819C08D9900716463 /* ViewOrderViewController.m */; };
		FCCF931119DC5B8200C2F3F2 /* UIColor+ApplicationColours.m in Sources */ = {isa = PBXBuildFile; fileRef = FCCF931019DC5B8200C2F3F2 /* UIColor+ApplicationColours.m */; };
		FCCF931719E00EB200C2F3F2 /* OrdersCollectionViewCell.m in Sources */ = {isa = PBXBuildFile; fileRef = FCCF931619E00EB200C2F3F2 /* OrdersCollectionViewCell.m */; };
		FCCF931A19E0219100C2F3F2 /* DiscountsViewController.m in Sources */ = {isa = PBXBuildFile; fileRef = FCCF931919E0219100C2F3F2 /* DiscountsViewController.m */; };
		FCCF931D19E021D500C2F3F2 /* DiscountsTableViewCell.m in Sources */ = {isa = PBXBuildFile; fileRef = FCCF931C19E021D500C2F3F2 /* DiscountsTableViewCell.m */; };
		FCCF932119E02E2900C2F3F2 /* SelectDiscountItemsView.m in Sources */ = {isa = PBXBuildFile; fileRef = FCCF932019E02E2900C2F3F2 /* SelectDiscountItemsView.m */; };
		FCCF932419E02E4600C2F3F2 /* SelectDiscountItemsTableViewCell.m in Sources */ = {isa = PBXBuildFile; fileRef = FCCF932319E02E4600C2F3F2 /* SelectDiscountItemsTableViewCell.m */; };
		FCD0E3D219C0531900767B4A /* main.m in Sources */ = {isa = PBXBuildFile; fileRef = FCD0E3D119C0531900767B4A /* main.m */; };
		FCD0E3D519C0531900767B4A /* AppDelegate.m in Sources */ = {isa = PBXBuildFile; fileRef = FCD0E3D419C0531900767B4A /* AppDelegate.m */; };
		FCD0E3DB19C0531900767B4A /* Main.storyboard in Resources */ = {isa = PBXBuildFile; fileRef = FCD0E3D919C0531900767B4A /* Main.storyboard */; };
		FCD0E3DD19C0531900767B4A /* Images.xcassets in Resources */ = {isa = PBXBuildFile; fileRef = FCD0E3DC19C0531900767B4A /* Images.xcassets */; };
		FCD0E3E919C0531A00767B4A /* WaiterTests.m in Sources */ = {isa = PBXBuildFile; fileRef = FCD0E3E819C0531A00767B4A /* WaiterTests.m */; };
		FCD0E40B19C053E500767B4A /* AudioToolbox.framework in Frameworks */ = {isa = PBXBuildFile; fileRef = FCD0E40819C053B100767B4A /* AudioToolbox.framework */; };
		FCD0E40C19C053E500767B4A /* CFNetwork.framework in Frameworks */ = {isa = PBXBuildFile; fileRef = FCD0E40619C053AD00767B4A /* CFNetwork.framework */; };
		FCD0E40D19C053E500767B4A /* CoreGraphics.framework in Frameworks */ = {isa = PBXBuildFile; fileRef = FCD0E40419C053A600767B4A /* CoreGraphics.framework */; };
		FCD0E40E19C053E500767B4A /* CoreLocation.framework in Frameworks */ = {isa = PBXBuildFile; fileRef = FCD0E40219C053A100767B4A /* CoreLocation.framework */; };
		FCD0E40F19C053E500767B4A /* MobileCoreServices.framework in Frameworks */ = {isa = PBXBuildFile; fileRef = FCD0E40019C0539A00767B4A /* MobileCoreServices.framework */; };
		FCD0E41019C053E500767B4A /* QuartzCore.framework in Frameworks */ = {isa = PBXBuildFile; fileRef = FCD0E3FE19C0539200767B4A /* QuartzCore.framework */; };
		FCD0E41119C053E500767B4A /* Security.framework in Frameworks */ = {isa = PBXBuildFile; fileRef = FCD0E3FC19C0538B00767B4A /* Security.framework */; };
		FCD0E41219C053E500767B4A /* StoreKit.framework in Frameworks */ = {isa = PBXBuildFile; fileRef = FCD0E3FA19C0538700767B4A /* StoreKit.framework */; };
		FCD0E41319C053E500767B4A /* SystemConfiguration.framework in Frameworks */ = {isa = PBXBuildFile; fileRef = FCD0E3F819C0537F00767B4A /* SystemConfiguration.framework */; };
		FCD0E41A19C0546D00767B4A /* LoginViewController.m in Sources */ = {isa = PBXBuildFile; fileRef = FCD0E41919C0546D00767B4A /* LoginViewController.m */; };
		FCD0E41F19C05AD500767B4A /* SettingsViewController.m in Sources */ = {isa = PBXBuildFile; fileRef = FCD0E41E19C05AD500767B4A /* SettingsViewController.m */; };
		FCD0E42319C05B9400767B4A /* WaiterViewController.m in Sources */ = {isa = PBXBuildFile; fileRef = FCD0E42219C05B9400767B4A /* WaiterViewController.m */; };
/* End PBXBuildFile section */

/* Begin PBXContainerItemProxy section */
		FCD0E3E319C0531A00767B4A /* PBXContainerItemProxy */ = {
			isa = PBXContainerItemProxy;
			containerPortal = FCD0E3C419C0531900767B4A /* Project object */;
			proxyType = 1;
			remoteGlobalIDString = FCD0E3CB19C0531900767B4A;
			remoteInfo = Waiter;
		};
/* End PBXContainerItemProxy section */

/* Begin PBXFileReference section */
		FC35006B19F57DD300A71D8B /* Bolts.framework */ = {isa = PBXFileReference; lastKnownFileType = wrapper.framework; path = Bolts.framework; sourceTree = "<group>"; };
		FC35006C19F57DD300A71D8B /* Parse.framework */ = {isa = PBXFileReference; lastKnownFileType = wrapper.framework; path = Parse.framework; sourceTree = "<group>"; };
		FC35006D19F57DD400A71D8B /* ParseFacebookUtils.framework */ = {isa = PBXFileReference; lastKnownFileType = wrapper.framework; path = ParseFacebookUtils.framework; sourceTree = "<group>"; };
		FC5CA96919CC4AD8000B9182 /* MenuCoursesViewController.h */ = {isa = PBXFileReference; fileEncoding = 4; lastKnownFileType = sourcecode.c.h; path = MenuCoursesViewController.h; sourceTree = "<group>"; };
		FC5CA96A19CC4AD8000B9182 /* MenuCoursesViewController.m */ = {isa = PBXFileReference; fileEncoding = 4; lastKnownFileType = sourcecode.c.objc; path = MenuCoursesViewController.m; sourceTree = "<group>"; };
		FC88DC0919D57C41003363C6 /* DishOptionsTableViewCell.h */ = {isa = PBXFileReference; fileEncoding = 4; lastKnownFileType = sourcecode.c.h; path = DishOptionsTableViewCell.h; sourceTree = "<group>"; };
		FC88DC0A19D57C41003363C6 /* DishOptionsTableViewCell.m */ = {isa = PBXFileReference; fileEncoding = 4; lastKnownFileType = sourcecode.c.objc; path = DishOptionsTableViewCell.m; sourceTree = "<group>"; };
		FC88DC0C19D57C5F003363C6 /* DishOptionsViewController.h */ = {isa = PBXFileReference; fileEncoding = 4; lastKnownFileType = sourcecode.c.h; path = DishOptionsViewController.h; sourceTree = "<group>"; };
		FC88DC0D19D57C5F003363C6 /* DishOptionsViewController.m */ = {isa = PBXFileReference; fileEncoding = 4; lastKnownFileType = sourcecode.c.objc; path = DishOptionsViewController.m; sourceTree = "<group>"; };
		FC88DC1119D706CD003363C6 /* MenuDishesOptionsTableViewCell.h */ = {isa = PBXFileReference; fileEncoding = 4; lastKnownFileType = sourcecode.c.h; path = MenuDishesOptionsTableViewCell.h; sourceTree = "<group>"; };
		FC88DC1219D706CD003363C6 /* MenuDishesOptionsTableViewCell.m */ = {isa = PBXFileReference; fileEncoding = 4; lastKnownFileType = sourcecode.c.objc; path = MenuDishesOptionsTableViewCell.m; sourceTree = "<group>"; };
		FC91485919CF43ED008E1343 /* ReservationsViewController.h */ = {isa = PBXFileReference; fileEncoding = 4; lastKnownFileType = sourcecode.c.h; path = ReservationsViewController.h; sourceTree = "<group>"; };
		FC91485A19CF43ED008E1343 /* ReservationsViewController.m */ = {isa = PBXFileReference; fileEncoding = 4; lastKnownFileType = sourcecode.c.objc; path = ReservationsViewController.m; sourceTree = "<group>"; };
		FC91486619D05431008E1343 /* MenuDishesViewController.h */ = {isa = PBXFileReference; fileEncoding = 4; lastKnownFileType = sourcecode.c.h; path = MenuDishesViewController.h; sourceTree = "<group>"; };
		FC91486719D05431008E1343 /* MenuDishesViewController.m */ = {isa = PBXFileReference; fileEncoding = 4; lastKnownFileType = sourcecode.c.objc; path = MenuDishesViewController.m; sourceTree = "<group>"; };
		FC91486919D056D3008E1343 /* MenuDishesTableViewCell.h */ = {isa = PBXFileReference; fileEncoding = 4; lastKnownFileType = sourcecode.c.h; path = MenuDishesTableViewCell.h; sourceTree = "<group>"; };
		FC91486A19D056D3008E1343 /* MenuDishesTableViewCell.m */ = {isa = PBXFileReference; fileEncoding = 4; lastKnownFileType = sourcecode.c.objc; path = MenuDishesTableViewCell.m; sourceTree = "<group>"; };
		FCAE169719E2BDE4002C698F /* CourseTableViewCell.h */ = {isa = PBXFileReference; fileEncoding = 4; lastKnownFileType = sourcecode.c.h; path = CourseTableViewCell.h; sourceTree = "<group>"; };
		FCAE169819E2BDE4002C698F /* CourseTableViewCell.m */ = {isa = PBXFileReference; fileEncoding = 4; lastKnownFileType = sourcecode.c.objc; path = CourseTableViewCell.m; sourceTree = "<group>"; };
		FCBFF45A19C06C4300716463 /* OrdersViewController.h */ = {isa = PBXFileReference; fileEncoding = 4; lastKnownFileType = sourcecode.c.h; path = OrdersViewController.h; sourceTree = "<group>"; };
		FCBFF45B19C06C4300716463 /* OrdersViewController.m */ = {isa = PBXFileReference; fileEncoding = 4; lastKnownFileType = sourcecode.c.objc; path = OrdersViewController.m; sourceTree = "<group>"; };
		FCBFF46119C08D7200716463 /* OrderItemTableViewCell.h */ = {isa = PBXFileReference; fileEncoding = 4; lastKnownFileType = sourcecode.c.h; path = OrderItemTableViewCell.h; sourceTree = "<group>"; };
		FCBFF46219C08D7200716463 /* OrderItemTableViewCell.m */ = {isa = PBXFileReference; fileEncoding = 4; lastKnownFileType = sourcecode.c.objc; path = OrderItemTableViewCell.m; sourceTree = "<group>"; };
		FCBFF46719C08D9900716463 /* ViewOrderViewController.h */ = {isa = PBXFileReference; fileEncoding = 4; lastKnownFileType = sourcecode.c.h; path = ViewOrderViewController.h; sourceTree = "<group>"; };
		FCBFF46819C08D9900716463 /* ViewOrderViewController.m */ = {isa = PBXFileReference; fileEncoding = 4; lastKnownFileType = sourcecode.c.objc; path = ViewOrderViewController.m; sourceTree = "<group>"; };
		FCCF930F19DC5B8200C2F3F2 /* UIColor+ApplicationColours.h */ = {isa = PBXFileReference; fileEncoding = 4; lastKnownFileType = sourcecode.c.h; path = "UIColor+ApplicationColours.h"; sourceTree = "<group>"; };
		FCCF931019DC5B8200C2F3F2 /* UIColor+ApplicationColours.m */ = {isa = PBXFileReference; fileEncoding = 4; lastKnownFileType = sourcecode.c.objc; path = "UIColor+ApplicationColours.m"; sourceTree = "<group>"; };
		FCCF931519E00EB200C2F3F2 /* OrdersCollectionViewCell.h */ = {isa = PBXFileReference; fileEncoding = 4; lastKnownFileType = sourcecode.c.h; path = OrdersCollectionViewCell.h; sourceTree = "<group>"; };
		FCCF931619E00EB200C2F3F2 /* OrdersCollectionViewCell.m */ = {isa = PBXFileReference; fileEncoding = 4; lastKnownFileType = sourcecode.c.objc; path = OrdersCollectionViewCell.m; sourceTree = "<group>"; };
		FCCF931819E0219100C2F3F2 /* DiscountsViewController.h */ = {isa = PBXFileReference; fileEncoding = 4; lastKnownFileType = sourcecode.c.h; path = DiscountsViewController.h; sourceTree = "<group>"; };
		FCCF931919E0219100C2F3F2 /* DiscountsViewController.m */ = {isa = PBXFileReference; fileEncoding = 4; lastKnownFileType = sourcecode.c.objc; path = DiscountsViewController.m; sourceTree = "<group>"; };
		FCCF931B19E021D500C2F3F2 /* DiscountsTableViewCell.h */ = {isa = PBXFileReference; fileEncoding = 4; lastKnownFileType = sourcecode.c.h; path = DiscountsTableViewCell.h; sourceTree = "<group>"; };
		FCCF931C19E021D500C2F3F2 /* DiscountsTableViewCell.m */ = {isa = PBXFileReference; fileEncoding = 4; lastKnownFileType = sourcecode.c.objc; path = DiscountsTableViewCell.m; sourceTree = "<group>"; };
		FCCF931F19E02E2900C2F3F2 /* SelectDiscountItemsView.h */ = {isa = PBXFileReference; fileEncoding = 4; lastKnownFileType = sourcecode.c.h; path = SelectDiscountItemsView.h; sourceTree = "<group>"; };
		FCCF932019E02E2900C2F3F2 /* SelectDiscountItemsView.m */ = {isa = PBXFileReference; fileEncoding = 4; lastKnownFileType = sourcecode.c.objc; path = SelectDiscountItemsView.m; sourceTree = "<group>"; };
		FCCF932219E02E4600C2F3F2 /* SelectDiscountItemsTableViewCell.h */ = {isa = PBXFileReference; fileEncoding = 4; lastKnownFileType = sourcecode.c.h; path = SelectDiscountItemsTableViewCell.h; sourceTree = "<group>"; };
		FCCF932319E02E4600C2F3F2 /* SelectDiscountItemsTableViewCell.m */ = {isa = PBXFileReference; fileEncoding = 4; lastKnownFileType = sourcecode.c.objc; path = SelectDiscountItemsTableViewCell.m; sourceTree = "<group>"; };
		FCD0E3CC19C0531900767B4A /* Waiter.app */ = {isa = PBXFileReference; explicitFileType = wrapper.application; includeInIndex = 0; path = Waiter.app; sourceTree = BUILT_PRODUCTS_DIR; };
		FCD0E3D019C0531900767B4A /* Info.plist */ = {isa = PBXFileReference; lastKnownFileType = text.plist.xml; path = Info.plist; sourceTree = "<group>"; };
		FCD0E3D119C0531900767B4A /* main.m */ = {isa = PBXFileReference; lastKnownFileType = sourcecode.c.objc; path = main.m; sourceTree = "<group>"; };
		FCD0E3D319C0531900767B4A /* AppDelegate.h */ = {isa = PBXFileReference; lastKnownFileType = sourcecode.c.h; path = AppDelegate.h; sourceTree = "<group>"; };
		FCD0E3D419C0531900767B4A /* AppDelegate.m */ = {isa = PBXFileReference; lastKnownFileType = sourcecode.c.objc; path = AppDelegate.m; sourceTree = "<group>"; };
		FCD0E3DA19C0531900767B4A /* Base */ = {isa = PBXFileReference; lastKnownFileType = file.storyboard; name = Base; path = Base.lproj/Main.storyboard; sourceTree = "<group>"; };
		FCD0E3DC19C0531900767B4A /* Images.xcassets */ = {isa = PBXFileReference; lastKnownFileType = folder.assetcatalog; path = Images.xcassets; sourceTree = "<group>"; };
		FCD0E3E219C0531A00767B4A /* WaiterTests.xctest */ = {isa = PBXFileReference; explicitFileType = wrapper.cfbundle; includeInIndex = 0; path = WaiterTests.xctest; sourceTree = BUILT_PRODUCTS_DIR; };
		FCD0E3E719C0531A00767B4A /* Info.plist */ = {isa = PBXFileReference; lastKnownFileType = text.plist.xml; path = Info.plist; sourceTree = "<group>"; };
		FCD0E3E819C0531A00767B4A /* WaiterTests.m */ = {isa = PBXFileReference; lastKnownFileType = sourcecode.c.objc; path = WaiterTests.m; sourceTree = "<group>"; };
		FCD0E3F219C0535200767B4A /* Bolts.framework */ = {isa = PBXFileReference; lastKnownFileType = wrapper.framework; name = Bolts.framework; path = "../../Frameworks/parse-library-1/Bolts.framework"; sourceTree = "<group>"; };
		FCD0E3F319C0535200767B4A /* Parse.framework */ = {isa = PBXFileReference; lastKnownFileType = wrapper.framework; name = Parse.framework; path = "../../Frameworks/parse-library-1/Parse.framework"; sourceTree = "<group>"; };
		FCD0E3F419C0535200767B4A /* ParseFacebookUtils.framework */ = {isa = PBXFileReference; lastKnownFileType = wrapper.framework; name = ParseFacebookUtils.framework; path = "../../Frameworks/parse-library-1/ParseFacebookUtils.framework"; sourceTree = "<group>"; };
		FCD0E3F819C0537F00767B4A /* SystemConfiguration.framework */ = {isa = PBXFileReference; lastKnownFileType = wrapper.framework; name = SystemConfiguration.framework; path = System/Library/Frameworks/SystemConfiguration.framework; sourceTree = SDKROOT; };
		FCD0E3FA19C0538700767B4A /* StoreKit.framework */ = {isa = PBXFileReference; lastKnownFileType = wrapper.framework; name = StoreKit.framework; path = System/Library/Frameworks/StoreKit.framework; sourceTree = SDKROOT; };
		FCD0E3FC19C0538B00767B4A /* Security.framework */ = {isa = PBXFileReference; lastKnownFileType = wrapper.framework; name = Security.framework; path = System/Library/Frameworks/Security.framework; sourceTree = SDKROOT; };
		FCD0E3FE19C0539200767B4A /* QuartzCore.framework */ = {isa = PBXFileReference; lastKnownFileType = wrapper.framework; name = QuartzCore.framework; path = System/Library/Frameworks/QuartzCore.framework; sourceTree = SDKROOT; };
		FCD0E40019C0539A00767B4A /* MobileCoreServices.framework */ = {isa = PBXFileReference; lastKnownFileType = wrapper.framework; name = MobileCoreServices.framework; path = System/Library/Frameworks/MobileCoreServices.framework; sourceTree = SDKROOT; };
		FCD0E40219C053A100767B4A /* CoreLocation.framework */ = {isa = PBXFileReference; lastKnownFileType = wrapper.framework; name = CoreLocation.framework; path = System/Library/Frameworks/CoreLocation.framework; sourceTree = SDKROOT; };
		FCD0E40419C053A600767B4A /* CoreGraphics.framework */ = {isa = PBXFileReference; lastKnownFileType = wrapper.framework; name = CoreGraphics.framework; path = System/Library/Frameworks/CoreGraphics.framework; sourceTree = SDKROOT; };
		FCD0E40619C053AD00767B4A /* CFNetwork.framework */ = {isa = PBXFileReference; lastKnownFileType = wrapper.framework; name = CFNetwork.framework; path = System/Library/Frameworks/CFNetwork.framework; sourceTree = SDKROOT; };
		FCD0E40819C053B100767B4A /* AudioToolbox.framework */ = {isa = PBXFileReference; lastKnownFileType = wrapper.framework; name = AudioToolbox.framework; path = System/Library/Frameworks/AudioToolbox.framework; sourceTree = SDKROOT; };
		FCD0E41819C0546D00767B4A /* LoginViewController.h */ = {isa = PBXFileReference; fileEncoding = 4; lastKnownFileType = sourcecode.c.h; path = LoginViewController.h; sourceTree = "<group>"; };
		FCD0E41919C0546D00767B4A /* LoginViewController.m */ = {isa = PBXFileReference; fileEncoding = 4; lastKnownFileType = sourcecode.c.objc; path = LoginViewController.m; sourceTree = "<group>"; };
		FCD0E41D19C05AD500767B4A /* SettingsViewController.h */ = {isa = PBXFileReference; fileEncoding = 4; lastKnownFileType = sourcecode.c.h; path = SettingsViewController.h; sourceTree = "<group>"; };
		FCD0E41E19C05AD500767B4A /* SettingsViewController.m */ = {isa = PBXFileReference; fileEncoding = 4; lastKnownFileType = sourcecode.c.objc; path = SettingsViewController.m; sourceTree = "<group>"; };
		FCD0E42119C05B9400767B4A /* WaiterViewController.h */ = {isa = PBXFileReference; fileEncoding = 4; lastKnownFileType = sourcecode.c.h; path = WaiterViewController.h; sourceTree = "<group>"; };
		FCD0E42219C05B9400767B4A /* WaiterViewController.m */ = {isa = PBXFileReference; fileEncoding = 4; lastKnownFileType = sourcecode.c.objc; path = WaiterViewController.m; sourceTree = "<group>"; };
/* End PBXFileReference section */

/* Begin PBXFrameworksBuildPhase section */
		FCD0E3C919C0531900767B4A /* Frameworks */ = {
			isa = PBXFrameworksBuildPhase;
			buildActionMask = 2147483647;
			files = (
				FCD0E40B19C053E500767B4A /* AudioToolbox.framework in Frameworks */,
				FCD0E40C19C053E500767B4A /* CFNetwork.framework in Frameworks */,
				FCD0E40D19C053E500767B4A /* CoreGraphics.framework in Frameworks */,
				FCD0E40E19C053E500767B4A /* CoreLocation.framework in Frameworks */,
				FCD0E40F19C053E500767B4A /* MobileCoreServices.framework in Frameworks */,
				FCD0E41019C053E500767B4A /* QuartzCore.framework in Frameworks */,
				FCD0E41119C053E500767B4A /* Security.framework in Frameworks */,
				FCD0E41219C053E500767B4A /* StoreKit.framework in Frameworks */,
				FCD0E41319C053E500767B4A /* SystemConfiguration.framework in Frameworks */,
				FC35006E19F57DD400A71D8B /* Bolts.framework in Frameworks */,
				FC35006F19F57DD400A71D8B /* Parse.framework in Frameworks */,
				FC35007019F57DD400A71D8B /* ParseFacebookUtils.framework in Frameworks */,
			);
			runOnlyForDeploymentPostprocessing = 0;
		};
		FCD0E3DF19C0531A00767B4A /* Frameworks */ = {
			isa = PBXFrameworksBuildPhase;
			buildActionMask = 2147483647;
			files = (
				FC665FDC1A161F90005162F9 /* AudioToolbox.framework in Frameworks */,
				FC665FDB1A161F89005162F9 /* CFNetwork.framework in Frameworks */,
				FC665FDA1A161F81005162F9 /* CoreGraphics.framework in Frameworks */,
				FC665FD91A161F7C005162F9 /* CoreLocation.framework in Frameworks */,
				FC665FD81A161F74005162F9 /* MobileCoreServices.framework in Frameworks */,
				FC665FD71A161F6D005162F9 /* QuartzCore.framework in Frameworks */,
				FC665FD61A161F65005162F9 /* Security.framework in Frameworks */,
				FC665FD51A161F5F005162F9 /* StoreKit.framework in Frameworks */,
				FC665FD41A161F58005162F9 /* SystemConfiguration.framework in Frameworks */,
				FC665FD11A161F47005162F9 /* Bolts.framework in Frameworks */,
				FC665FD21A161F47005162F9 /* Parse.framework in Frameworks */,
				FC665FD31A161F47005162F9 /* ParseFacebookUtils.framework in Frameworks */,
			);
			runOnlyForDeploymentPostprocessing = 0;
		};
/* End PBXFrameworksBuildPhase section */

/* Begin PBXGroup section */
		FC5CA96C19CC4AE2000B9182 /* Menu */ = {
			isa = PBXGroup;
			children = (
				FC88DC1019D57C6D003363C6 /* Course */,
				FC88DC0F19D57C68003363C6 /* Dish */,
			);
			name = Menu;
			sourceTree = "<group>";
		};
		FC88DC0F19D57C68003363C6 /* Dish */ = {
			isa = PBXGroup;
			children = (
				FC91486619D05431008E1343 /* MenuDishesViewController.h */,
				FC91486719D05431008E1343 /* MenuDishesViewController.m */,
				FC91486919D056D3008E1343 /* MenuDishesTableViewCell.h */,
				FC91486A19D056D3008E1343 /* MenuDishesTableViewCell.m */,
				FC88DC1119D706CD003363C6 /* MenuDishesOptionsTableViewCell.h */,
				FC88DC1219D706CD003363C6 /* MenuDishesOptionsTableViewCell.m */,
				FC88DC0C19D57C5F003363C6 /* DishOptionsViewController.h */,
				FC88DC0D19D57C5F003363C6 /* DishOptionsViewController.m */,
				FC88DC0919D57C41003363C6 /* DishOptionsTableViewCell.h */,
				FC88DC0A19D57C41003363C6 /* DishOptionsTableViewCell.m */,
			);
			name = Dish;
			sourceTree = "<group>";
		};
		FC88DC1019D57C6D003363C6 /* Course */ = {
			isa = PBXGroup;
			children = (
				FC5CA96919CC4AD8000B9182 /* MenuCoursesViewController.h */,
				FC5CA96A19CC4AD8000B9182 /* MenuCoursesViewController.m */,
				FCAE169719E2BDE4002C698F /* CourseTableViewCell.h */,
				FCAE169819E2BDE4002C698F /* CourseTableViewCell.m */,
			);
			name = Course;
			sourceTree = "<group>";
		};
		FC91485C19CF43F6008E1343 /* Reservations */ = {
			isa = PBXGroup;
			children = (
				FC91485919CF43ED008E1343 /* ReservationsViewController.h */,
				FC91485A19CF43ED008E1343 /* ReservationsViewController.m */,
			);
			name = Reservations;
			sourceTree = "<group>";
		};
		FCBFF45D19C06C4800716463 /* Orders */ = {
			isa = PBXGroup;
			children = (
				FCBFF45A19C06C4300716463 /* OrdersViewController.h */,
				FCBFF45B19C06C4300716463 /* OrdersViewController.m */,
				FCCF931519E00EB200C2F3F2 /* OrdersCollectionViewCell.h */,
				FCCF931619E00EB200C2F3F2 /* OrdersCollectionViewCell.m */,
				FCBFF46719C08D9900716463 /* ViewOrderViewController.h */,
				FCBFF46819C08D9900716463 /* ViewOrderViewController.m */,
				FCBFF46119C08D7200716463 /* OrderItemTableViewCell.h */,
				FCBFF46219C08D7200716463 /* OrderItemTableViewCell.m */,
				FCCF931E19E021DE00C2F3F2 /* Discounts */,
				FC5CA96C19CC4AE2000B9182 /* Menu */,
			);
			name = Orders;
			sourceTree = "<group>";
		};
		FCCF931E19E021DE00C2F3F2 /* Discounts */ = {
			isa = PBXGroup;
			children = (
				FCCF931819E0219100C2F3F2 /* DiscountsViewController.h */,
				FCCF931919E0219100C2F3F2 /* DiscountsViewController.m */,
				FCCF931B19E021D500C2F3F2 /* DiscountsTableViewCell.h */,
				FCCF931C19E021D500C2F3F2 /* DiscountsTableViewCell.m */,
				FCCF931F19E02E2900C2F3F2 /* SelectDiscountItemsView.h */,
				FCCF932019E02E2900C2F3F2 /* SelectDiscountItemsView.m */,
				FCCF932219E02E4600C2F3F2 /* SelectDiscountItemsTableViewCell.h */,
				FCCF932319E02E4600C2F3F2 /* SelectDiscountItemsTableViewCell.m */,
			);
			name = Discounts;
			sourceTree = "<group>";
		};
		FCD0E3C319C0531900767B4A = {
			isa = PBXGroup;
			children = (
				FCD0E3CE19C0531900767B4A /* Waiter */,
				FCD0E3E519C0531A00767B4A /* WaiterTests */,
				FCD0E40A19C053B600767B4A /* Frameworks */,
				FCD0E3CD19C0531900767B4A /* Products */,
			);
			sourceTree = "<group>";
		};
		FCD0E3CD19C0531900767B4A /* Products */ = {
			isa = PBXGroup;
			children = (
				FCD0E3CC19C0531900767B4A /* Waiter.app */,
				FCD0E3E219C0531A00767B4A /* WaiterTests.xctest */,
			);
			name = Products;
			sourceTree = "<group>";
		};
		FCD0E3CE19C0531900767B4A /* Waiter */ = {
			isa = PBXGroup;
			children = (
				FCD0E41C19C0547800767B4A /* Controller */,
				FCD0E41719C0542200767B4A /* View */,
				FCD0E3DC19C0531900767B4A /* Images.xcassets */,
				FCD0E3CF19C0531900767B4A /* Supporting Files */,
			);
			path = Waiter;
			sourceTree = "<group>";
		};
		FCD0E3CF19C0531900767B4A /* Supporting Files */ = {
			isa = PBXGroup;
			children = (
				FCD0E3D319C0531900767B4A /* AppDelegate.h */,
				FCD0E3D419C0531900767B4A /* AppDelegate.m */,
				FCCF930F19DC5B8200C2F3F2 /* UIColor+ApplicationColours.h */,
				FCCF931019DC5B8200C2F3F2 /* UIColor+ApplicationColours.m */,
				FCD0E3D019C0531900767B4A /* Info.plist */,
				FCD0E3D119C0531900767B4A /* main.m */,
			);
			name = "Supporting Files";
			sourceTree = "<group>";
		};
		FCD0E3E519C0531A00767B4A /* WaiterTests */ = {
			isa = PBXGroup;
			children = (
				FCD0E3E819C0531A00767B4A /* WaiterTests.m */,
				FCD0E3E619C0531A00767B4A /* Supporting Files */,
			);
			path = WaiterTests;
			sourceTree = "<group>";
		};
		FCD0E3E619C0531A00767B4A /* Supporting Files */ = {
			isa = PBXGroup;
			children = (
				FCD0E3E719C0531A00767B4A /* Info.plist */,
			);
			name = "Supporting Files";
			sourceTree = "<group>";
		};
		FCD0E40A19C053B600767B4A /* Frameworks */ = {
			isa = PBXGroup;
			children = (
				FC35006B19F57DD300A71D8B /* Bolts.framework */,
				FC35006C19F57DD300A71D8B /* Parse.framework */,
				FC35006D19F57DD400A71D8B /* ParseFacebookUtils.framework */,
				FCD0E40819C053B100767B4A /* AudioToolbox.framework */,
				FCD0E40619C053AD00767B4A /* CFNetwork.framework */,
				FCD0E40419C053A600767B4A /* CoreGraphics.framework */,
				FCD0E40219C053A100767B4A /* CoreLocation.framework */,
				FCD0E40019C0539A00767B4A /* MobileCoreServices.framework */,
				FCD0E3FE19C0539200767B4A /* QuartzCore.framework */,
				FCD0E3FC19C0538B00767B4A /* Security.framework */,
				FCD0E3FA19C0538700767B4A /* StoreKit.framework */,
				FCD0E3F819C0537F00767B4A /* SystemConfiguration.framework */,
				FCD0E3F219C0535200767B4A /* Bolts.framework */,
				FCD0E3F319C0535200767B4A /* Parse.framework */,
				FCD0E3F419C0535200767B4A /* ParseFacebookUtils.framework */,
			);
			name = Frameworks;
			sourceTree = "<group>";
		};
		FCD0E41719C0542200767B4A /* View */ = {
			isa = PBXGroup;
			children = (
				FCD0E3D919C0531900767B4A /* Main.storyboard */,
			);
			name = View;
			sourceTree = "<group>";
		};
		FCD0E41B19C0547200767B4A /* Authentication */ = {
			isa = PBXGroup;
			children = (
				FCD0E41819C0546D00767B4A /* LoginViewController.h */,
				FCD0E41919C0546D00767B4A /* LoginViewController.m */,
			);
			name = Authentication;
			sourceTree = "<group>";
		};
		FCD0E41C19C0547800767B4A /* Controller */ = {
			isa = PBXGroup;
			children = (
				FCD0E41B19C0547200767B4A /* Authentication */,
				FCBFF45D19C06C4800716463 /* Orders */,
				FC91485C19CF43F6008E1343 /* Reservations */,
				FCD0E42019C05AD900767B4A /* Settings */,
			);
			name = Controller;
			sourceTree = "<group>";
		};
		FCD0E42019C05AD900767B4A /* Settings */ = {
			isa = PBXGroup;
			children = (
				FCD0E41D19C05AD500767B4A /* SettingsViewController.h */,
				FCD0E41E19C05AD500767B4A /* SettingsViewController.m */,
				FCD0E42119C05B9400767B4A /* WaiterViewController.h */,
				FCD0E42219C05B9400767B4A /* WaiterViewController.m */,
			);
			name = Settings;
			sourceTree = "<group>";
		};
/* End PBXGroup section */

/* Begin PBXNativeTarget section */
		FCD0E3CB19C0531900767B4A /* Waiter */ = {
			isa = PBXNativeTarget;
			buildConfigurationList = FCD0E3EC19C0531A00767B4A /* Build configuration list for PBXNativeTarget "Waiter" */;
			buildPhases = (
				FCD0E3C819C0531900767B4A /* Sources */,
				FCD0E3C919C0531900767B4A /* Frameworks */,
				FCD0E3CA19C0531900767B4A /* Resources */,
			);
			buildRules = (
			);
			dependencies = (
			);
			name = Waiter;
			productName = Waiter;
			productReference = FCD0E3CC19C0531900767B4A /* Waiter.app */;
			productType = "com.apple.product-type.application";
		};
		FCD0E3E119C0531A00767B4A /* WaiterTests */ = {
			isa = PBXNativeTarget;
			buildConfigurationList = FCD0E3EF19C0531A00767B4A /* Build configuration list for PBXNativeTarget "WaiterTests" */;
			buildPhases = (
				FCD0E3DE19C0531A00767B4A /* Sources */,
				FCD0E3DF19C0531A00767B4A /* Frameworks */,
				FCD0E3E019C0531A00767B4A /* Resources */,
			);
			buildRules = (
			);
			dependencies = (
				FCD0E3E419C0531A00767B4A /* PBXTargetDependency */,
			);
			name = WaiterTests;
			productName = WaiterTests;
			productReference = FCD0E3E219C0531A00767B4A /* WaiterTests.xctest */;
			productType = "com.apple.product-type.bundle.unit-test";
		};
/* End PBXNativeTarget section */

/* Begin PBXProject section */
		FCD0E3C419C0531900767B4A /* Project object */ = {
			isa = PBXProject;
			attributes = {
				LastUpgradeCheck = 0600;
				ORGANIZATIONNAME = "Dylan Lewis";
				TargetAttributes = {
					FCD0E3CB19C0531900767B4A = {
						CreatedOnToolsVersion = 6.0;
						DevelopmentTeam = 5D6MUHPE98;
					};
					FCD0E3E119C0531A00767B4A = {
						CreatedOnToolsVersion = 6.0;
						TestTargetID = FCD0E3CB19C0531900767B4A;
					};
				};
			};
			buildConfigurationList = FCD0E3C719C0531900767B4A /* Build configuration list for PBXProject "Waiter" */;
			compatibilityVersion = "Xcode 3.2";
			developmentRegion = English;
			hasScannedForEncodings = 0;
			knownRegions = (
				en,
				Base,
			);
			mainGroup = FCD0E3C319C0531900767B4A;
			productRefGroup = FCD0E3CD19C0531900767B4A /* Products */;
			projectDirPath = "";
			projectRoot = "";
			targets = (
				FCD0E3CB19C0531900767B4A /* Waiter */,
				FCD0E3E119C0531A00767B4A /* WaiterTests */,
			);
		};
/* End PBXProject section */

/* Begin PBXResourcesBuildPhase section */
		FCD0E3CA19C0531900767B4A /* Resources */ = {
			isa = PBXResourcesBuildPhase;
			buildActionMask = 2147483647;
			files = (
				FCD0E3DB19C0531900767B4A /* Main.storyboard in Resources */,
				FCD0E3DD19C0531900767B4A /* Images.xcassets in Resources */,
			);
			runOnlyForDeploymentPostprocessing = 0;
		};
		FCD0E3E019C0531A00767B4A /* Resources */ = {
			isa = PBXResourcesBuildPhase;
			buildActionMask = 2147483647;
			files = (
			);
			runOnlyForDeploymentPostprocessing = 0;
		};
/* End PBXResourcesBuildPhase section */

/* Begin PBXSourcesBuildPhase section */
		FCD0E3C819C0531900767B4A /* Sources */ = {
			isa = PBXSourcesBuildPhase;
			buildActionMask = 2147483647;
			files = (
				FCCF931719E00EB200C2F3F2 /* OrdersCollectionViewCell.m in Sources */,
				FC91486819D05431008E1343 /* MenuDishesViewController.m in Sources */,
				FC88DC0B19D57C41003363C6 /* DishOptionsTableViewCell.m in Sources */,
				FCCF932419E02E4600C2F3F2 /* SelectDiscountItemsTableViewCell.m in Sources */,
				FC91485B19CF43ED008E1343 /* ReservationsViewController.m in Sources */,
				FCBFF46319C08D7200716463 /* OrderItemTableViewCell.m in Sources */,
				FC91486B19D056D3008E1343 /* MenuDishesTableViewCell.m in Sources */,
				FCBFF46919C08D9900716463 /* ViewOrderViewController.m in Sources */,
				FCCF931119DC5B8200C2F3F2 /* UIColor+ApplicationColours.m in Sources */,
				FCD0E3D519C0531900767B4A /* AppDelegate.m in Sources */,
				FC5CA96B19CC4AD8000B9182 /* MenuCoursesViewController.m in Sources */,
				FCBFF45C19C06C4300716463 /* OrdersViewController.m in Sources */,
				FC88DC0E19D57C5F003363C6 /* DishOptionsViewController.m in Sources */,
				FCCF931D19E021D500C2F3F2 /* DiscountsTableViewCell.m in Sources */,
				FCD0E42319C05B9400767B4A /* WaiterViewController.m in Sources */,
				FCCF931A19E0219100C2F3F2 /* DiscountsViewController.m in Sources */,
				FCAE169919E2BDE4002C698F /* CourseTableViewCell.m in Sources */,
				FCD0E3D219C0531900767B4A /* main.m in Sources */,
				FCD0E41A19C0546D00767B4A /* LoginViewController.m in Sources */,
				FC88DC1319D706CD003363C6 /* MenuDishesOptionsTableViewCell.m in Sources */,
				FCCF932119E02E2900C2F3F2 /* SelectDiscountItemsView.m in Sources */,
				FCD0E41F19C05AD500767B4A /* SettingsViewController.m in Sources */,
			);
			runOnlyForDeploymentPostprocessing = 0;
		};
		FCD0E3DE19C0531A00767B4A /* Sources */ = {
			isa = PBXSourcesBuildPhase;
			buildActionMask = 2147483647;
			files = (
				FCD0E3E919C0531A00767B4A /* WaiterTests.m in Sources */,
			);
			runOnlyForDeploymentPostprocessing = 0;
		};
/* End PBXSourcesBuildPhase section */

/* Begin PBXTargetDependency section */
		FCD0E3E419C0531A00767B4A /* PBXTargetDependency */ = {
			isa = PBXTargetDependency;
			target = FCD0E3CB19C0531900767B4A /* Waiter */;
			targetProxy = FCD0E3E319C0531A00767B4A /* PBXContainerItemProxy */;
		};
/* End PBXTargetDependency section */

/* Begin PBXVariantGroup section */
		FCD0E3D919C0531900767B4A /* Main.storyboard */ = {
			isa = PBXVariantGroup;
			children = (
				FCD0E3DA19C0531900767B4A /* Base */,
			);
			name = Main.storyboard;
			sourceTree = "<group>";
		};
/* End PBXVariantGroup section */

/* Begin XCBuildConfiguration section */
		FCD0E3EA19C0531A00767B4A /* Debug */ = {
			isa = XCBuildConfiguration;
			buildSettings = {
				ALWAYS_SEARCH_USER_PATHS = NO;
				CLANG_CXX_LANGUAGE_STANDARD = "gnu++0x";
				CLANG_CXX_LIBRARY = "libc++";
				CLANG_ENABLE_MODULES = YES;
				CLANG_ENABLE_OBJC_ARC = YES;
				CLANG_WARN_BOOL_CONVERSION = YES;
				CLANG_WARN_CONSTANT_CONVERSION = YES;
				CLANG_WARN_DIRECT_OBJC_ISA_USAGE = YES_ERROR;
				CLANG_WARN_EMPTY_BODY = YES;
				CLANG_WARN_ENUM_CONVERSION = YES;
				CLANG_WARN_INT_CONVERSION = YES;
				CLANG_WARN_OBJC_ROOT_CLASS = YES_ERROR;
				CLANG_WARN_UNREACHABLE_CODE = YES;
				CLANG_WARN__DUPLICATE_METHOD_MATCH = YES;
				"CODE_SIGN_IDENTITY[sdk=iphoneos*]" = "iPhone Developer";
				COPY_PHASE_STRIP = NO;
				ENABLE_STRICT_OBJC_MSGSEND = YES;
				GCC_C_LANGUAGE_STANDARD = gnu99;
				GCC_DYNAMIC_NO_PIC = NO;
				GCC_OPTIMIZATION_LEVEL = 0;
				GCC_PREPROCESSOR_DEFINITIONS = (
					"DEBUG=1",
					"$(inherited)",
				);
				GCC_SYMBOLS_PRIVATE_EXTERN = NO;
				GCC_WARN_64_TO_32_BIT_CONVERSION = YES;
				GCC_WARN_ABOUT_RETURN_TYPE = YES_ERROR;
				GCC_WARN_UNDECLARED_SELECTOR = YES;
				GCC_WARN_UNINITIALIZED_AUTOS = YES_AGGRESSIVE;
				GCC_WARN_UNUSED_FUNCTION = YES;
				GCC_WARN_UNUSED_VARIABLE = YES;
				IPHONEOS_DEPLOYMENT_TARGET = 8.0;
				MTL_ENABLE_DEBUG_INFO = YES;
				ONLY_ACTIVE_ARCH = YES;
				SDKROOT = iphoneos;
			};
			name = Debug;
		};
		FCD0E3EB19C0531A00767B4A /* Release */ = {
			isa = XCBuildConfiguration;
			buildSettings = {
				ALWAYS_SEARCH_USER_PATHS = NO;
				CLANG_CXX_LANGUAGE_STANDARD = "gnu++0x";
				CLANG_CXX_LIBRARY = "libc++";
				CLANG_ENABLE_MODULES = YES;
				CLANG_ENABLE_OBJC_ARC = YES;
				CLANG_WARN_BOOL_CONVERSION = YES;
				CLANG_WARN_CONSTANT_CONVERSION = YES;
				CLANG_WARN_DIRECT_OBJC_ISA_USAGE = YES_ERROR;
				CLANG_WARN_EMPTY_BODY = YES;
				CLANG_WARN_ENUM_CONVERSION = YES;
				CLANG_WARN_INT_CONVERSION = YES;
				CLANG_WARN_OBJC_ROOT_CLASS = YES_ERROR;
				CLANG_WARN_UNREACHABLE_CODE = YES;
				CLANG_WARN__DUPLICATE_METHOD_MATCH = YES;
				"CODE_SIGN_IDENTITY[sdk=iphoneos*]" = "iPhone Developer";
				COPY_PHASE_STRIP = YES;
				ENABLE_NS_ASSERTIONS = NO;
				ENABLE_STRICT_OBJC_MSGSEND = YES;
				GCC_C_LANGUAGE_STANDARD = gnu99;
				GCC_WARN_64_TO_32_BIT_CONVERSION = YES;
				GCC_WARN_ABOUT_RETURN_TYPE = YES_ERROR;
				GCC_WARN_UNDECLARED_SELECTOR = YES;
				GCC_WARN_UNINITIALIZED_AUTOS = YES_AGGRESSIVE;
				GCC_WARN_UNUSED_FUNCTION = YES;
				GCC_WARN_UNUSED_VARIABLE = YES;
				IPHONEOS_DEPLOYMENT_TARGET = 8.0;
				MTL_ENABLE_DEBUG_INFO = NO;
				SDKROOT = iphoneos;
				VALIDATE_PRODUCT = YES;
			};
			name = Release;
		};
		FCD0E3ED19C0531A00767B4A /* Debug */ = {
			isa = XCBuildConfiguration;
			buildSettings = {
				ASSETCATALOG_COMPILER_APPICON_NAME = AppIcon;
				ASSETCATALOG_COMPILER_LAUNCHIMAGE_NAME = LaunchImage;
				CODE_SIGN_IDENTITY = "Apple Development IOS Push Services: dylanslewis.ROS";
				"CODE_SIGN_IDENTITY[sdk=iphoneos*]" = "Apple Development IOS Push Services: dylanslewis.ROS";
				FRAMEWORK_SEARCH_PATHS = (
					"$(inherited)",
					"/Users/dylan/Dropbox/Developer/Frameworks/parse-library-1",
					"$(PROJECT_DIR)",
				);
				INFOPLIST_FILE = Waiter/Info.plist;
				LD_RUNPATH_SEARCH_PATHS = "$(inherited) @executable_path/Frameworks";
				PRODUCT_NAME = "$(TARGET_NAME)";
				PROVISIONING_PROFILE = "c025462a-d808-4d59-bd5a-77d41adfb1b8";
				TARGETED_DEVICE_FAMILY = 1;
			};
			name = Debug;
		};
		FCD0E3EE19C0531A00767B4A /* Release */ = {
			isa = XCBuildConfiguration;
			buildSettings = {
				ASSETCATALOG_COMPILER_APPICON_NAME = AppIcon;
				ASSETCATALOG_COMPILER_LAUNCHIMAGE_NAME = LaunchImage;
				CODE_SIGN_IDENTITY = "Apple Development IOS Push Services: dylanslewis.ROS";
				"CODE_SIGN_IDENTITY[sdk=iphoneos*]" = "Apple Development IOS Push Services: dylanslewis.ROS";
				FRAMEWORK_SEARCH_PATHS = (
					"$(inherited)",
					"/Users/dylan/Dropbox/Developer/Frameworks/parse-library-1",
					"$(PROJECT_DIR)",
				);
				INFOPLIST_FILE = Waiter/Info.plist;
				LD_RUNPATH_SEARCH_PATHS = "$(inherited) @executable_path/Frameworks";
				PRODUCT_NAME = "$(TARGET_NAME)";
				PROVISIONING_PROFILE = "c025462a-d808-4d59-bd5a-77d41adfb1b8";
				TARGETED_DEVICE_FAMILY = 1;
			};
			name = Release;
		};
		FCD0E3F019C0531A00767B4A /* Debug */ = {
			isa = XCBuildConfiguration;
			buildSettings = {
				BUNDLE_LOADER = "$(TEST_HOST)";
				FRAMEWORK_SEARCH_PATHS = (
					"$(SDKROOT)/Developer/Library/Frameworks",
					"$(inherited)",
					"$(PROJECT_DIR)",
				);
				GCC_PREPROCESSOR_DEFINITIONS = (
					"DEBUG=1",
					"$(inherited)",
				);
				INFOPLIST_FILE = WaiterTests/Info.plist;
				LD_RUNPATH_SEARCH_PATHS = "$(inherited) @executable_path/Frameworks @loader_path/Frameworks";
				PRODUCT_NAME = "$(TARGET_NAME)";
				TEST_HOST = "$(BUILT_PRODUCTS_DIR)/Waiter.app/Waiter";
			};
			name = Debug;
		};
		FCD0E3F119C0531A00767B4A /* Release */ = {
			isa = XCBuildConfiguration;
			buildSettings = {
				BUNDLE_LOADER = "$(TEST_HOST)";
				FRAMEWORK_SEARCH_PATHS = (
					"$(SDKROOT)/Developer/Library/Frameworks",
					"$(inherited)",
					"$(PROJECT_DIR)",
				);
				INFOPLIST_FILE = WaiterTests/Info.plist;
				LD_RUNPATH_SEARCH_PATHS = "$(inherited) @executable_path/Frameworks @loader_path/Frameworks";
				PRODUCT_NAME = "$(TARGET_NAME)";
				TEST_HOST = "$(BUILT_PRODUCTS_DIR)/Waiter.app/Waiter";
			};
			name = Release;
		};
/* End XCBuildConfiguration section */

/* Begin XCConfigurationList section */
		FCD0E3C719C0531900767B4A /* Build configuration list for PBXProject "Waiter" */ = {
			isa = XCConfigurationList;
			buildConfigurations = (
				FCD0E3EA19C0531A00767B4A /* Debug */,
				FCD0E3EB19C0531A00767B4A /* Release */,
			);
			defaultConfigurationIsVisible = 0;
			defaultConfigurationName = Release;
		};
		FCD0E3EC19C0531A00767B4A /* Build configuration list for PBXNativeTarget "Waiter" */ = {
			isa = XCConfigurationList;
			buildConfigurations = (
				FCD0E3ED19C0531A00767B4A /* Debug */,
				FCD0E3EE19C0531A00767B4A /* Release */,
			);
			defaultConfigurationIsVisible = 0;
			defaultConfigurationName = Release;
		};
		FCD0E3EF19C0531A00767B4A /* Build configuration list for PBXNativeTarget "WaiterTests" */ = {
			isa = XCConfigurationList;
			buildConfigurations = (
				FCD0E3F019C0531A00767B4A /* Debug */,
				FCD0E3F119C0531A00767B4A /* Release */,
			);
			defaultConfigurationIsVisible = 0;
			defaultConfigurationName = Release;
		};
/* End XCConfigurationList section */
	};
	rootObject = FCD0E3C419C0531900767B4A /* Project object */;
}
